
Microsoft Visual Studio Solution File, Format Version 12.00
# Visual Studio Version 17
VisualStudioVersion = 17.7.34031.279
MinimumVisualStudioVersion = 10.0.40219.1
Project("{54A90642-561A-4BB1-A94E-469ADEE60C69}") = "reactapp", "reactapp\reactapp.esproj", "{AF88259C-618F-4445-A1C6-4E29D12E9D4E}"
EndProject
Project("{9A19103F-16F7-4668-BE54-9A1E7A4F7556}") = "webapi", "webapi\webapi.csproj", "{52855F75-BD70-4705-8FE8-686857F24BE8}"
EndProject
Global
	GlobalSection(SolutionConfigurationPlatforms) = preSolution
		Debug|Any CPU = Debug|Any CPU
		Release|Any CPU = Release|Any CPU
	EndGlobalSection
	GlobalSection(ProjectConfigurationPlatforms) = postSolution
		{AF88259C-618F-4445-A1C6-4E29D12E9D4E}.Debug|Any CPU.ActiveCfg = Debug|Any CPU
		{AF88259C-618F-4445-A1C6-4E29D12E9D4E}.Debug|Any CPU.Build.0 = Debug|Any CPU
		{AF88259C-618F-4445-A1C6-4E29D12E9D4E}.Debug|Any CPU.Deploy.0 = Debug|Any CPU
		{AF88259C-618F-4445-A1C6-4E29D12E9D4E}.Release|Any CPU.ActiveCfg = Release|Any CPU
		{AF88259C-618F-4445-A1C6-4E29D12E9D4E}.Release|Any CPU.Build.0 = Release|Any CPU
		{AF88259C-618F-4445-A1C6-4E29D12E9D4E}.Release|Any CPU.Deploy.0 = Release|Any CPU
		{52855F75-BD70-4705-8FE8-686857F24BE8}.Debug|Any CPU.ActiveCfg = Debug|Any CPU
		{52855F75-BD70-4705-8FE8-686857F24BE8}.Debug|Any CPU.Build.0 = Debug|Any CPU
		{52855F75-BD70-4705-8FE8-686857F24BE8}.Release|Any CPU.ActiveCfg = Release|Any CPU
		{52855F75-BD70-4705-8FE8-686857F24BE8}.Release|Any CPU.Build.0 = Release|Any CPU
	EndGlobalSection
	GlobalSection(SolutionProperties) = preSolution
		HideSolutionNode = FALSE
	EndGlobalSection
	GlobalSection(ExtensibilityGlobals) = postSolution
		SolutionGuid = {ABF04437-135E-4902-AE76-50C15B252C09}
	EndGlobalSection
EndGlobal
